
Microsoft Visual Studio Solution File, Format Version 12.00
# Visual Studio Version 17
VisualStudioVersion = 17.0.31912.275
MinimumVisualStudioVersion = 10.0.40219.1
Project("{8BC9CEB8-8B4A-11D0-8D11-00A0C91BC942}") = "MemoryChecker", "MemoryChecker.vcxproj", "{6573AE7B-1E1D-434A-BEBC-8C8170DEB148}"
EndProject
Global
	GlobalSection(SolutionConfigurationPlatforms) = preSolution
		Debug|x64 = Debug|x64
		Debug|x86 = Debug|x86
		Release_AVX2|x64 = Release_AVX2|x64
		Release_AVX2|x86 = Release_AVX2|x86
		Release|x64 = Release|x64
		Release|x86 = Release|x86
	EndGlobalSection
	GlobalSection(ProjectConfigurationPlatforms) = postSolution
		{6573AE7B-1E1D-434A-BEBC-8C8170DEB148}.Debug|x64.ActiveCfg = Debug|x64
		{6573AE7B-1E1D-434A-BEBC-8C8170DEB148}.Debug|x64.Build.0 = Debug|x64
		{6573AE7B-1E1D-434A-BEBC-8C8170DEB148}.Debug|x86.ActiveCfg = Debug|Win32
		{6573AE7B-1E1D-434A-BEBC-8C8170DEB148}.Debug|x86.Build.0 = Debug|Win32
		{6573AE7B-1E1D-434A-BEBC-8C8170DEB148}.Release_AVX2|x64.ActiveCfg = Release_AVX2|x64
		{6573AE7B-1E1D-434A-BEBC-8C8170DEB148}.Release_AVX2|x64.Build.0 = Release_AVX2|x64
		{6573AE7B-1E1D-434A-BEBC-8C8170DEB148}.Release_AVX2|x86.ActiveCfg = Release_AVX2|Win32
		{6573AE7B-1E1D-434A-BEBC-8C8170DEB148}.Release_AVX2|x86.Build.0 = Release_AVX2|Win32
		{6573AE7B-1E1D-434A-BEBC-8C8170DEB148}.Release|x64.ActiveCfg = Release|x64
		{6573AE7B-1E1D-434A-BEBC-8C8170DEB148}.Release|x64.Build.0 = Release|x64
		{6573AE7B-1E1D-434A-BEBC-8C8170DEB148}.Release|x86.ActiveCfg = Release|Win32
		{6573AE7B-1E1D-434A-BEBC-8C8170DEB148}.Release|x86.Build.0 = Release|Win32
	EndGlobalSection
	GlobalSection(SolutionProperties) = preSolution
		HideSolutionNode = FALSE
	EndGlobalSection
	GlobalSection(ExtensibilityGlobals) = postSolution
		SolutionGuid = {6FD3C386-22CE-4889-9828-E38E92FE7DD2}
	EndGlobalSection
EndGlobal
